
Microsoft Visual Studio Solution File, Format Version 12.00
# Visual Studio Version 17
VisualStudioVersion = 17.1.32328.378
MinimumVisualStudioVersion = 10.0.40219.1
Project("{9A19103F-16F7-4668-BE54-9A1E7A4F7556}") = "PRN_SE1621_PRO", "PRN_SE1621_PRO\PRN_SE1621_PRO.csproj", "{9D6BC7C2-2FFD-4177-8E09-7511167797CD}"
EndProject
Project("{9A19103F-16F7-4668-BE54-9A1E7A4F7556}") = "DEFAULT_INTEFACE_METHODS", "DEFAULT_INTEFACE_METHODS\DEFAULT_INTEFACE_METHODS.csproj", "{2E22D8D3-94BB-46B8-B748-462B52471EE5}"
EndProject
Project("{9A19103F-16F7-4668-BE54-9A1E7A4F7556}") = "PRN_SE1621_OOP", "PRN_SE1621_OOP\PRN_SE1621_OOP.csproj", "{DB21A53D-7CC2-40CA-A8FD-DF71DAC727C5}"
EndProject
Project("{9A19103F-16F7-4668-BE54-9A1E7A4F7556}") = "PRN_SE1621_PRACTICE_INHERITANCE", "PRN_SE1621_PRACTICE_INHERITANCE\PRN_SE1621_PRACTICE_INHERITANCE.csproj", "{5FD9387E-E8DC-4E0D-A7BA-1B0B09E4358E}"
EndProject
Project("{9A19103F-16F7-4668-BE54-9A1E7A4F7556}") = "PRN_SE1621_COLLECTION_GENERIC", "PRN_SE1621_COLLECTION_GENERIC\PRN_SE1621_COLLECTION_GENERIC.csproj", "{A585E9C0-B507-4347-8BD8-B6A0AEA7CA23}"
EndProject
Project("{9A19103F-16F7-4668-BE54-9A1E7A4F7556}") = "PRN_SE1621_LINQ", "PRN_SE1621_LINQ\PRN_SE1621_LINQ.csproj", "{0266C68E-50C7-4658-BCAB-E14165CD2642}"
EndProject
Project("{9A19103F-16F7-4668-BE54-9A1E7A4F7556}") = "PRN_SE1621_THREADING", "PRN_SE1621_THREADING\PRN_SE1621_THREADING.csproj", "{E621904C-BC3C-43E7-8C36-EC8D8B141908}"
EndProject
Project("{9A19103F-16F7-4668-BE54-9A1E7A4F7556}") = "PRN_SE1621_FILESTREAM", "PRN_SE1621_FILESTREAM\PRN_SE1621_FILESTREAM.csproj", "{8D2E00CD-707A-4053-A8B7-48E136430A85}"
EndProject
Project("{9A19103F-16F7-4668-BE54-9A1E7A4F7556}") = "PRN_SE1621_WinFormsApp", "PRN_SE1621_WinFormsApp\PRN_SE1621_WinFormsApp.csproj", "{FEBD6CE1-FC31-4AF4-9B3F-26EA00C03E6A}"
EndProject
Project("{9A19103F-16F7-4668-BE54-9A1E7A4F7556}") = "DemoProvideFactoryModel", "DemoProvideFactoryModel\DemoProvideFactoryModel.csproj", "{6A09B52B-545A-42B8-9325-A199DFA2F5A8}"
EndProject
Project("{9A19103F-16F7-4668-BE54-9A1E7A4F7556}") = "PraceticeProvidFactoryModel", "PraceticeProvidFactoryModel\PraceticeProvidFactoryModel.csproj", "{B853987C-60A7-4780-B8FC-2A157607FD6E}"
EndProject
Project("{9A19103F-16F7-4668-BE54-9A1E7A4F7556}") = "PracticeProvideFactoryModelV2", "PracticeProvideFactoryModelV2\PracticeProvideFactoryModelV2.csproj", "{A80978A2-32DC-41A6-85ED-D57B2733032A}"
EndProject
Project("{9A19103F-16F7-4668-BE54-9A1E7A4F7556}") = "DemoDatabaseFirst", "DemoDatabaseFirst\DemoDatabaseFirst.csproj", "{95192B37-4576-4ACC-B64B-1E0270BA19D1}"
EndProject
Project("{9A19103F-16F7-4668-BE54-9A1E7A4F7556}") = "DemoCodeFirst", "DemoCodeFirst\DemoCodeFirst.csproj", "{69CA1D50-9DBB-44B2-AA6C-44355B3AA253}"
EndProject
Project("{9A19103F-16F7-4668-BE54-9A1E7A4F7556}") = "Ecommerce.WebApp", "Ecommerce.WebApp\Ecommerce.WebApp.csproj", "{7C1E5822-421C-464B-8E3B-4C467DB3FBB0}"
EndProject
Project("{9A19103F-16F7-4668-BE54-9A1E7A4F7556}") = "Ecommerce.WebApp2", "Ecommerce.WebApp2\Ecommerce.WebApp2.csproj", "{44DAB723-DCB6-4366-A63E-0497D6B7A4ED}"
EndProject
Project("{9A19103F-16F7-4668-BE54-9A1E7A4F7556}") = "Ecommerce.WebAppMVCV2", "Ecommerce.WebAppMVCV2\Ecommerce.WebAppMVCV2.csproj", "{0B449389-7305-46CB-B937-8DF25D4EAD54}"
EndProject
Project("{9A19103F-16F7-4668-BE54-9A1E7A4F7556}") = "MyWebApp", "MyWebApp\MyWebApp.csproj", "{306F0877-1C2D-489E-92C2-EDD44EFDBEB3}"
EndProject
Project("{9A19103F-16F7-4668-BE54-9A1E7A4F7556}") = "MyStockApp", "MyStockApp\MyStockApp.csproj", "{D65F5B32-9CB9-45B4-AA2A-F847F5947DC8}"
EndProject
Project("{FAE04EC0-301F-11D3-BF4B-00C04F79EFBC}") = "Ecommerce.WebAPIDemo", "Ecommerce.WebAPIDemo\Ecommerce.WebAPIDemo.csproj", "{D3777E44-46D2-47AC-9A7F-EB93F1E4474C}"
EndProject
Global
	GlobalSection(SolutionConfigurationPlatforms) = preSolution
		Debug|Any CPU = Debug|Any CPU
		Release|Any CPU = Release|Any CPU
	EndGlobalSection
	GlobalSection(ProjectConfigurationPlatforms) = postSolution
		{9D6BC7C2-2FFD-4177-8E09-7511167797CD}.Debug|Any CPU.ActiveCfg = Debug|Any CPU
		{9D6BC7C2-2FFD-4177-8E09-7511167797CD}.Debug|Any CPU.Build.0 = Debug|Any CPU
		{9D6BC7C2-2FFD-4177-8E09-7511167797CD}.Release|Any CPU.ActiveCfg = Release|Any CPU
		{9D6BC7C2-2FFD-4177-8E09-7511167797CD}.Release|Any CPU.Build.0 = Release|Any CPU
		{2E22D8D3-94BB-46B8-B748-462B52471EE5}.Debug|Any CPU.ActiveCfg = Debug|Any CPU
		{2E22D8D3-94BB-46B8-B748-462B52471EE5}.Debug|Any CPU.Build.0 = Debug|Any CPU
		{2E22D8D3-94BB-46B8-B748-462B52471EE5}.Release|Any CPU.ActiveCfg = Release|Any CPU
		{2E22D8D3-94BB-46B8-B748-462B52471EE5}.Release|Any CPU.Build.0 = Release|Any CPU
		{DB21A53D-7CC2-40CA-A8FD-DF71DAC727C5}.Debug|Any CPU.ActiveCfg = Debug|Any CPU
		{DB21A53D-7CC2-40CA-A8FD-DF71DAC727C5}.Debug|Any CPU.Build.0 = Debug|Any CPU
		{DB21A53D-7CC2-40CA-A8FD-DF71DAC727C5}.Release|Any CPU.ActiveCfg = Release|Any CPU
		{DB21A53D-7CC2-40CA-A8FD-DF71DAC727C5}.Release|Any CPU.Build.0 = Release|Any CPU
		{5FD9387E-E8DC-4E0D-A7BA-1B0B09E4358E}.Debug|Any CPU.ActiveCfg = Debug|Any CPU
		{5FD9387E-E8DC-4E0D-A7BA-1B0B09E4358E}.Debug|Any CPU.Build.0 = Debug|Any CPU
		{5FD9387E-E8DC-4E0D-A7BA-1B0B09E4358E}.Release|Any CPU.ActiveCfg = Release|Any CPU
		{5FD9387E-E8DC-4E0D-A7BA-1B0B09E4358E}.Release|Any CPU.Build.0 = Release|Any CPU
		{A585E9C0-B507-4347-8BD8-B6A0AEA7CA23}.Debug|Any CPU.ActiveCfg = Debug|Any CPU
		{A585E9C0-B507-4347-8BD8-B6A0AEA7CA23}.Debug|Any CPU.Build.0 = Debug|Any CPU
		{A585E9C0-B507-4347-8BD8-B6A0AEA7CA23}.Release|Any CPU.ActiveCfg = Release|Any CPU
		{A585E9C0-B507-4347-8BD8-B6A0AEA7CA23}.Release|Any CPU.Build.0 = Release|Any CPU
		{0266C68E-50C7-4658-BCAB-E14165CD2642}.Debug|Any CPU.ActiveCfg = Debug|Any CPU
		{0266C68E-50C7-4658-BCAB-E14165CD2642}.Debug|Any CPU.Build.0 = Debug|Any CPU
		{0266C68E-50C7-4658-BCAB-E14165CD2642}.Release|Any CPU.ActiveCfg = Release|Any CPU
		{0266C68E-50C7-4658-BCAB-E14165CD2642}.Release|Any CPU.Build.0 = Release|Any CPU
		{E621904C-BC3C-43E7-8C36-EC8D8B141908}.Debug|Any CPU.ActiveCfg = Debug|Any CPU
		{E621904C-BC3C-43E7-8C36-EC8D8B141908}.Debug|Any CPU.Build.0 = Debug|Any CPU
		{E621904C-BC3C-43E7-8C36-EC8D8B141908}.Release|Any CPU.ActiveCfg = Release|Any CPU
		{E621904C-BC3C-43E7-8C36-EC8D8B141908}.Release|Any CPU.Build.0 = Release|Any CPU
		{8D2E00CD-707A-4053-A8B7-48E136430A85}.Debug|Any CPU.ActiveCfg = Debug|Any CPU
		{8D2E00CD-707A-4053-A8B7-48E136430A85}.Debug|Any CPU.Build.0 = Debug|Any CPU
		{8D2E00CD-707A-4053-A8B7-48E136430A85}.Release|Any CPU.ActiveCfg = Release|Any CPU
		{8D2E00CD-707A-4053-A8B7-48E136430A85}.Release|Any CPU.Build.0 = Release|Any CPU
		{FEBD6CE1-FC31-4AF4-9B3F-26EA00C03E6A}.Debug|Any CPU.ActiveCfg = Debug|Any CPU
		{FEBD6CE1-FC31-4AF4-9B3F-26EA00C03E6A}.Debug|Any CPU.Build.0 = Debug|Any CPU
		{FEBD6CE1-FC31-4AF4-9B3F-26EA00C03E6A}.Release|Any CPU.ActiveCfg = Release|Any CPU
		{FEBD6CE1-FC31-4AF4-9B3F-26EA00C03E6A}.Release|Any CPU.Build.0 = Release|Any CPU
		{6A09B52B-545A-42B8-9325-A199DFA2F5A8}.Debug|Any CPU.ActiveCfg = Debug|Any CPU
		{6A09B52B-545A-42B8-9325-A199DFA2F5A8}.Debug|Any CPU.Build.0 = Debug|Any CPU
		{6A09B52B-545A-42B8-9325-A199DFA2F5A8}.Release|Any CPU.ActiveCfg = Release|Any CPU
		{6A09B52B-545A-42B8-9325-A199DFA2F5A8}.Release|Any CPU.Build.0 = Release|Any CPU
		{B853987C-60A7-4780-B8FC-2A157607FD6E}.Debug|Any CPU.ActiveCfg = Debug|Any CPU
		{B853987C-60A7-4780-B8FC-2A157607FD6E}.Debug|Any CPU.Build.0 = Debug|Any CPU
		{B853987C-60A7-4780-B8FC-2A157607FD6E}.Release|Any CPU.ActiveCfg = Release|Any CPU
		{B853987C-60A7-4780-B8FC-2A157607FD6E}.Release|Any CPU.Build.0 = Release|Any CPU
		{A80978A2-32DC-41A6-85ED-D57B2733032A}.Debug|Any CPU.ActiveCfg = Debug|Any CPU
		{A80978A2-32DC-41A6-85ED-D57B2733032A}.Debug|Any CPU.Build.0 = Debug|Any CPU
		{A80978A2-32DC-41A6-85ED-D57B2733032A}.Release|Any CPU.ActiveCfg = Release|Any CPU
		{A80978A2-32DC-41A6-85ED-D57B2733032A}.Release|Any CPU.Build.0 = Release|Any CPU
		{95192B37-4576-4ACC-B64B-1E0270BA19D1}.Debug|Any CPU.ActiveCfg = Debug|Any CPU
		{95192B37-4576-4ACC-B64B-1E0270BA19D1}.Debug|Any CPU.Build.0 = Debug|Any CPU
		{95192B37-4576-4ACC-B64B-1E0270BA19D1}.Release|Any CPU.ActiveCfg = Release|Any CPU
		{95192B37-4576-4ACC-B64B-1E0270BA19D1}.Release|Any CPU.Build.0 = Release|Any CPU
		{69CA1D50-9DBB-44B2-AA6C-44355B3AA253}.Debug|Any CPU.ActiveCfg = Debug|Any CPU
		{69CA1D50-9DBB-44B2-AA6C-44355B3AA253}.Debug|Any CPU.Build.0 = Debug|Any CPU
		{69CA1D50-9DBB-44B2-AA6C-44355B3AA253}.Release|Any CPU.ActiveCfg = Release|Any CPU
		{69CA1D50-9DBB-44B2-AA6C-44355B3AA253}.Release|Any CPU.Build.0 = Release|Any CPU
		{7C1E5822-421C-464B-8E3B-4C467DB3FBB0}.Debug|Any CPU.ActiveCfg = Debug|Any CPU
		{7C1E5822-421C-464B-8E3B-4C467DB3FBB0}.Debug|Any CPU.Build.0 = Debug|Any CPU
		{7C1E5822-421C-464B-8E3B-4C467DB3FBB0}.Release|Any CPU.ActiveCfg = Release|Any CPU
		{7C1E5822-421C-464B-8E3B-4C467DB3FBB0}.Release|Any CPU.Build.0 = Release|Any CPU
		{44DAB723-DCB6-4366-A63E-0497D6B7A4ED}.Debug|Any CPU.ActiveCfg = Debug|Any CPU
		{44DAB723-DCB6-4366-A63E-0497D6B7A4ED}.Debug|Any CPU.Build.0 = Debug|Any CPU
		{44DAB723-DCB6-4366-A63E-0497D6B7A4ED}.Release|Any CPU.ActiveCfg = Release|Any CPU
		{44DAB723-DCB6-4366-A63E-0497D6B7A4ED}.Release|Any CPU.Build.0 = Release|Any CPU
		{0B449389-7305-46CB-B937-8DF25D4EAD54}.Debug|Any CPU.ActiveCfg = Debug|Any CPU
		{0B449389-7305-46CB-B937-8DF25D4EAD54}.Debug|Any CPU.Build.0 = Debug|Any CPU
		{0B449389-7305-46CB-B937-8DF25D4EAD54}.Release|Any CPU.ActiveCfg = Release|Any CPU
		{0B449389-7305-46CB-B937-8DF25D4EAD54}.Release|Any CPU.Build.0 = Release|Any CPU
		{306F0877-1C2D-489E-92C2-EDD44EFDBEB3}.Debug|Any CPU.ActiveCfg = Debug|Any CPU
		{306F0877-1C2D-489E-92C2-EDD44EFDBEB3}.Debug|Any CPU.Build.0 = Debug|Any CPU
		{306F0877-1C2D-489E-92C2-EDD44EFDBEB3}.Release|Any CPU.ActiveCfg = Release|Any CPU
		{306F0877-1C2D-489E-92C2-EDD44EFDBEB3}.Release|Any CPU.Build.0 = Release|Any CPU
		{D65F5B32-9CB9-45B4-AA2A-F847F5947DC8}.Debug|Any CPU.ActiveCfg = Debug|Any CPU
		{D65F5B32-9CB9-45B4-AA2A-F847F5947DC8}.Debug|Any CPU.Build.0 = Debug|Any CPU
		{D65F5B32-9CB9-45B4-AA2A-F847F5947DC8}.Release|Any CPU.ActiveCfg = Release|Any CPU
		{D65F5B32-9CB9-45B4-AA2A-F847F5947DC8}.Release|Any CPU.Build.0 = Release|Any CPU
		{D3777E44-46D2-47AC-9A7F-EB93F1E4474C}.Debug|Any CPU.ActiveCfg = Debug|Any CPU
		{D3777E44-46D2-47AC-9A7F-EB93F1E4474C}.Debug|Any CPU.Build.0 = Debug|Any CPU
		{D3777E44-46D2-47AC-9A7F-EB93F1E4474C}.Release|Any CPU.ActiveCfg = Release|Any CPU
		{D3777E44-46D2-47AC-9A7F-EB93F1E4474C}.Release|Any CPU.Build.0 = Release|Any CPU
	EndGlobalSection
	GlobalSection(SolutionProperties) = preSolution
		HideSolutionNode = FALSE
	EndGlobalSection
	GlobalSection(ExtensibilityGlobals) = postSolution
		SolutionGuid = {F1A4FE7F-486A-46AB-B237-454D06AA256C}
	EndGlobalSection
EndGlobal
